
Microsoft Visual Studio Solution File, Format Version 12.00
# Visual Studio 15
VisualStudioVersion = 15.0.26430.15
MinimumVisualStudioVersion = 10.0.40219.1
Project("{FAE04EC0-301F-11D3-BF4B-00C04F79EFBC}") = "RGBLedCONTROLpcARDUINO", "RGBLedCONTROLpcARDUINO.csproj", "{29B785FB-2E8A-463B-A377-EE3D60BC288E}"
EndProject
Global
	GlobalSection(SolutionConfigurationPlatforms) = preSolution
		Debug|Any CPU = Debug|Any CPU
		Release|Any CPU = Release|Any CPU
	EndGlobalSection
	GlobalSection(ProjectConfigurationPlatforms) = postSolution
		{29B785FB-2E8A-463B-A377-EE3D60BC288E}.Debug|Any CPU.ActiveCfg = Debug|Any CPU
		{29B785FB-2E8A-463B-A377-EE3D60BC288E}.Debug|Any CPU.Build.0 = Debug|Any CPU
		{29B785FB-2E8A-463B-A377-EE3D60BC288E}.Release|Any CPU.ActiveCfg = Release|Any CPU
		{29B785FB-2E8A-463B-A377-EE3D60BC288E}.Release|Any CPU.Build.0 = Release|Any CPU
	EndGlobalSection
	GlobalSection(SolutionProperties) = preSolution
		HideSolutionNode = FALSE
	EndGlobalSection
EndGlobal
